
Microsoft Visual Studio Solution File, Format Version 12.00
# Visual Studio 14
VisualStudioVersion = 14.0.23107.0
MinimumVisualStudioVersion = 10.0.40219.1
Project("{FAE04EC0-301F-11D3-BF4B-00C04F79EFBC}") = "EVMGMT", "EVMGMT\EVMGMT.csproj", "{EA562A86-67CA-438E-AB90-C201311C8441}"
EndProject
Project("{FAE04EC0-301F-11D3-BF4B-00C04F79EFBC}") = "Events.Data", "Events.Data\Events.Data.csproj", "{8DEB711D-E0A0-4583-862F-B60E1DCB6755}"
EndProject
Global
	GlobalSection(SolutionConfigurationPlatforms) = preSolution
		Debug|Any CPU = Debug|Any CPU
		Release|Any CPU = Release|Any CPU
	EndGlobalSection
	GlobalSection(ProjectConfigurationPlatforms) = postSolution
		{EA562A86-67CA-438E-AB90-C201311C8441}.Debug|Any CPU.ActiveCfg = Debug|Any CPU
		{EA562A86-67CA-438E-AB90-C201311C8441}.Debug|Any CPU.Build.0 = Debug|Any CPU
		{EA562A86-67CA-438E-AB90-C201311C8441}.Release|Any CPU.ActiveCfg = Release|Any CPU
		{EA562A86-67CA-438E-AB90-C201311C8441}.Release|Any CPU.Build.0 = Release|Any CPU
		{8DEB711D-E0A0-4583-862F-B60E1DCB6755}.Debug|Any CPU.ActiveCfg = Debug|Any CPU
		{8DEB711D-E0A0-4583-862F-B60E1DCB6755}.Debug|Any CPU.Build.0 = Debug|Any CPU
		{8DEB711D-E0A0-4583-862F-B60E1DCB6755}.Release|Any CPU.ActiveCfg = Release|Any CPU
		{8DEB711D-E0A0-4583-862F-B60E1DCB6755}.Release|Any CPU.Build.0 = Release|Any CPU
	EndGlobalSection
	GlobalSection(SolutionProperties) = preSolution
		HideSolutionNode = FALSE
	EndGlobalSection
EndGlobal
